
Microsoft Visual Studio Solution File, Format Version 12.00
# Visual Studio Version 17
VisualStudioVersion = 17.9.34728.123
MinimumVisualStudioVersion = 10.0.40219.1
Project("{FAE04EC0-301F-11D3-BF4B-00C04F79EFBC}") = "Task2MVC", "Task2MVC\Task2MVC.csproj", "{EF46B550-14B9-4E44-94C7-231740E29DE9}"
EndProject
Global
	GlobalSection(SolutionConfigurationPlatforms) = preSolution
		Debug|Any CPU = Debug|Any CPU
		Release|Any CPU = Release|Any CPU
	EndGlobalSection
	GlobalSection(ProjectConfigurationPlatforms) = postSolution
		{EF46B550-14B9-4E44-94C7-231740E29DE9}.Debug|Any CPU.ActiveCfg = Debug|Any CPU
		{EF46B550-14B9-4E44-94C7-231740E29DE9}.Debug|Any CPU.Build.0 = Debug|Any CPU
		{EF46B550-14B9-4E44-94C7-231740E29DE9}.Release|Any CPU.ActiveCfg = Release|Any CPU
		{EF46B550-14B9-4E44-94C7-231740E29DE9}.Release|Any CPU.Build.0 = Release|Any CPU
	EndGlobalSection
	GlobalSection(SolutionProperties) = preSolution
		HideSolutionNode = FALSE
	EndGlobalSection
	GlobalSection(ExtensibilityGlobals) = postSolution
		SolutionGuid = {7EEFECE4-7F3F-4B5D-9059-9703DAB9AEB3}
	EndGlobalSection
EndGlobal
